<?xml version="1.0" encoding="utf-8"?>
<Project ToolsVersion="4.0" xmlns="http://schemas.microsoft.com/developer/msbuild/2003">
  <ItemGroup>
    <Filter Include="Исходные файлы">
      <UniqueIdentifier>{4FC737F1-C7A5-4376-A066-2A32D752A2FF}</UniqueIdentifier>
      <Extensions>cpp;c;cc;cxx;c++;cppm;ixx;def;odl;idl;hpj;bat;asm;asmx</Extensions>
    </Filter>
    <Filter Include="Файлы заголовков">
      <UniqueIdentifier>{93995380-89BD-4b04-88EB-625FBE52EBFB}</UniqueIdentifier>
      <Extensions>h;hh;hpp;hxx;h++;hm;inl;inc;ipp;xsd</Extensions>
    </Filter>
    <Filter Include="Файлы ресурсов">
      <UniqueIdentifier>{67DA6AB6-F800-4c08-8B7A-83BB121AAD01}</UniqueIdentifier>
      <Extensions>rc;ico;cur;bmp;dlg;rc2;rct;bin;rgs;gif;jpg;jpeg;jpe;resx;tiff;tif;png;wav;mfcribbon-ms</Extensions>
    </Filter>
  </ItemGroup>
  <ItemGroup>
    <ClCompile Include="ConsoleApplication1.cpp">
      <Filter>Исходные файлы</Filter>
    </ClCompile>
    <ClCompile Include="BasePlayer.cpp">
      <Filter>Исходные файлы</Filter>
    </ClCompile>
    <ClCompile Include="ArmamentManager.cpp">
      <Filter>Исходные файлы</Filter>
    </ClCompile>
    <ClCompile Include="Armament.cpp">
      <Filter>Исходные файлы</Filter>
    </ClCompile>
    <ClCompile Include="Knife.cpp">
      <Filter>Исходные файлы</Filter>
    </ClCompile>
    <ClCompile Include="BaseRifle.cpp">
      <Filter>Исходные файлы</Filter>
    </ClCompile>
    <ClCompile Include="BaseMagazine.cpp">
      <Filter>Исходные файлы</Filter>
    </ClCompile>
  </ItemGroup>
  <ItemGroup>
    <None Include="..\..\..\..\..\..\Program Files (x86)\Microsoft Visual Studio\2019\Community\VC\Tools\MSVC\14.29.30133\include\bit" />
    <None Include="..\..\..\..\..\..\Program Files (x86)\Microsoft Visual Studio\2019\Community\VC\Tools\MSVC\14.29.30133\include\cctype" />
    <None Include="..\..\..\..\..\..\Program Files (x86)\Microsoft Visual Studio\2019\Community\VC\Tools\MSVC\14.29.30133\include\xutility" />
    <None Include="..\..\..\..\..\..\Program Files (x86)\Microsoft Visual Studio\2019\Community\VC\Tools\MSVC\14.29.30133\include\cstddef" />
    <None Include="..\..\..\..\..\..\Program Files (x86)\Microsoft Visual Studio\2019\Community\VC\Tools\MSVC\14.29.30133\include\atomic" />
    <None Include="..\..\..\..\..\..\Program Files (x86)\Microsoft Visual Studio\2019\Community\VC\Tools\MSVC\14.29.30133\include\cerrno" />
    <None Include="..\..\..\..\..\..\Program Files (x86)\Microsoft Visual Studio\2019\Community\VC\Tools\MSVC\14.29.30133\include\cfloat" />
    <None Include="..\..\..\..\..\..\Program Files (x86)\Microsoft Visual Studio\2019\Community\VC\Tools\MSVC\14.29.30133\include\climits" />
    <None Include="..\..\..\..\..\..\Program Files (x86)\Microsoft Visual Studio\2019\Community\VC\Tools\MSVC\14.29.30133\include\clocale" />
    <None Include="..\..\..\..\..\..\Program Files (x86)\Microsoft Visual Studio\2019\Community\VC\Tools\MSVC\14.29.30133\include\cmath" />
    <None Include="..\..\..\..\..\..\Program Files (x86)\Microsoft Visual Studio\2019\Community\VC\Tools\MSVC\14.29.30133\include\compare" />
    <None Include="..\..\..\..\..\..\Program Files (x86)\Microsoft Visual Studio\2019\Community\VC\Tools\MSVC\14.29.30133\include\concepts" />
    <None Include="..\..\..\..\..\..\Program Files (x86)\Microsoft Visual Studio\2019\Community\VC\Tools\MSVC\14.29.30133\include\cstdint" />
    <None Include="..\..\..\..\..\..\Program Files (x86)\Microsoft Visual Studio\2019\Community\VC\Tools\MSVC\14.29.30133\include\cstdio" />
    <None Include="..\..\..\..\..\..\Program Files (x86)\Microsoft Visual Studio\2019\Community\VC\Tools\MSVC\14.29.30133\include\cstdlib" />
    <None Include="..\..\..\..\..\..\Program Files (x86)\Microsoft Visual Studio\2019\Community\VC\Tools\MSVC\14.29.30133\include\cstring" />
    <None Include="..\..\..\..\..\..\Program Files (x86)\Microsoft Visual Studio\2019\Community\VC\Tools\MSVC\14.29.30133\include\ctime" />
    <None Include="..\..\..\..\..\..\Program Files (x86)\Microsoft Visual Studio\2019\Community\VC\Tools\MSVC\14.29.30133\include\cwchar" />
    <None Include="..\..\..\..\..\..\Program Files (x86)\Microsoft Visual Studio\2019\Community\VC\Tools\MSVC\14.29.30133\include\exception" />
    <None Include="..\..\..\..\..\..\Program Files (x86)\Microsoft Visual Studio\2019\Community\VC\Tools\MSVC\14.29.30133\include\initializer_list" />
    <None Include="..\..\..\..\..\..\Program Files (x86)\Microsoft Visual Studio\2019\Community\VC\Tools\MSVC\14.29.30133\include\ios" />
    <None Include="..\..\..\..\..\..\Program Files (x86)\Microsoft Visual Studio\2019\Community\VC\Tools\MSVC\14.29.30133\include\iosfwd" />
    <None Include="..\..\..\..\..\..\Program Files (x86)\Microsoft Visual Studio\2019\Community\VC\Tools\MSVC\14.29.30133\include\iostream" />
    <None Include="..\..\..\..\..\..\Program Files (x86)\Microsoft Visual Studio\2019\Community\VC\Tools\MSVC\14.29.30133\include\istream" />
    <None Include="..\..\..\..\..\..\Program Files (x86)\Microsoft Visual Studio\2019\Community\VC\Tools\MSVC\14.29.30133\include\iterator" />
    <None Include="..\..\..\..\..\..\Program Files (x86)\Microsoft Visual Studio\2019\Community\VC\Tools\MSVC\14.29.30133\include\limits" />
    <None Include="..\..\..\..\..\..\Program Files (x86)\Microsoft Visual Studio\2019\Community\VC\Tools\MSVC\14.29.30133\include\memory" />
    <None Include="..\..\..\..\..\..\Program Files (x86)\Microsoft Visual Studio\2019\Community\VC\Tools\MSVC\14.29.30133\include\new" />
    <None Include="..\..\..\..\..\..\Program Files (x86)\Microsoft Visual Studio\2019\Community\VC\Tools\MSVC\14.29.30133\include\ostream" />
    <None Include="..\..\..\..\..\..\Program Files (x86)\Microsoft Visual Studio\2019\Community\VC\Tools\MSVC\14.29.30133\include\utility" />
    <None Include="..\..\..\..\..\..\Program Files (x86)\Microsoft Visual Studio\2019\Community\VC\Tools\MSVC\14.29.30133\include\typeinfo" />
    <None Include="..\..\..\..\..\..\Program Files (x86)\Microsoft Visual Studio\2019\Community\VC\Tools\MSVC\14.29.30133\include\type_traits" />
    <None Include="..\..\..\..\..\..\Program Files (x86)\Microsoft Visual Studio\2019\Community\VC\Tools\MSVC\14.29.30133\include\tuple" />
    <None Include="..\..\..\..\..\..\Program Files (x86)\Microsoft Visual Studio\2019\Community\VC\Tools\MSVC\14.29.30133\include\system_error" />
    <None Include="..\..\..\..\..\..\Program Files (x86)\Microsoft Visual Studio\2019\Community\VC\Tools\MSVC\14.29.30133\include\streambuf" />
    <None Include="..\..\..\..\..\..\Program Files (x86)\Microsoft Visual Studio\2019\Community\VC\Tools\MSVC\14.29.30133\include\stdexcept" />
    <None Include="..\..\..\..\..\..\Program Files (x86)\Microsoft Visual Studio\2019\Community\VC\Tools\MSVC\14.29.30133\include\xfacet" />
    <None Include="..\..\..\..\..\..\Program Files (x86)\Microsoft Visual Studio\2019\Community\VC\Tools\MSVC\14.29.30133\include\xiosbase" />
    <None Include="..\..\..\..\..\..\Program Files (x86)\Microsoft Visual Studio\2019\Community\VC\Tools\MSVC\14.29.30133\include\xlocale" />
    <None Include="..\..\..\..\..\..\Program Files (x86)\Microsoft Visual Studio\2019\Community\VC\Tools\MSVC\14.29.30133\include\xlocinfo" />
    <None Include="..\..\..\..\..\..\Program Files (x86)\Microsoft Visual Studio\2019\Community\VC\Tools\MSVC\14.29.30133\include\xlocnum" />
    <None Include="..\..\..\..\..\..\Program Files (x86)\Microsoft Visual Studio\2019\Community\VC\Tools\MSVC\14.29.30133\include\xmemory" />
    <None Include="..\..\..\..\..\..\Program Files (x86)\Microsoft Visual Studio\2019\Community\VC\Tools\MSVC\14.29.30133\include\xstddef" />
    <None Include="..\..\..\..\..\..\Program Files (x86)\Microsoft Visual Studio\2019\Community\VC\Tools\MSVC\14.29.30133\include\xstring" />
    <None Include="..\..\..\..\..\..\Program Files (x86)\Microsoft Visual Studio\2019\Community\VC\Tools\MSVC\14.29.30133\include\xtr1common" />
  </ItemGroup>
  <ItemGroup>
    <ClInclude Include="BasePlayer.h">
      <Filter>Файлы заголовков</Filter>
    </ClInclude>
    <ClInclude Include="ArmamentManager.h">
      <Filter>Файлы заголовков</Filter>
    </ClInclude>
    <ClInclude Include="resource.h">
      <Filter>Файлы заголовков</Filter>
    </ClInclude>
    <ClInclude Include="Armament.h">
      <Filter>Файлы заголовков</Filter>
    </ClInclude>
    <ClInclude Include="Knife.h">
      <Filter>Файлы заголовков</Filter>
    </ClInclude>
    <ClInclude Include="BaseRifle.h">
      <Filter>Файлы заголовков</Filter>
    </ClInclude>
    <ClInclude Include="BaseMagazine.h">
      <Filter>Файлы заголовков</Filter>
    </ClInclude>
  </ItemGroup>
  <ItemGroup>
    <ResourceCompile Include="ConsoleApplication1.rc">
      <Filter>Файлы ресурсов</Filter>
    </ResourceCompile>
  </ItemGroup>
</Project>